// !$*UTF8*$!
{
	archiveVersion = 1;
	classes = {
	};
	objectVersion = 46;
	objects = {

/* Begin PBXBuildFile section */
		6A31FA3E1CF83BC500D1898B /* mathfuncs.cpp in Sources */ = {isa = PBXBuildFile; fileRef = 6A31FA3D1CF83BC500D1898B /* mathfuncs.cpp */; };
		6A31FA421CF83BEB00D1898B /* matrix.cpp in Sources */ = {isa = PBXBuildFile; fileRef = 6A31FA3F1CF83BEB00D1898B /* matrix.cpp */; };
		6A31FA431CF83BEB00D1898B /* precomp.hpp in Headers */ = {isa = PBXBuildFile; fileRef = 6A31FA401CF83BEB00D1898B /* precomp.hpp */; };
		6A31FA441CF83BEB00D1898B /* stat.cpp in Sources */ = {isa = PBXBuildFile; fileRef = 6A31FA411CF83BEB00D1898B /* stat.cpp */; };
		6A31FA8D1CF83E4C00D1898B /* defs.h in Headers */ = {isa = PBXBuildFile; fileRef = 6A31FA881CF83E4C00D1898B /* defs.h */; };
		6A31FA8E1CF83E4C00D1898B /* intrin_cpp.hpp in Headers */ = {isa = PBXBuildFile; fileRef = 6A31FA891CF83E4C00D1898B /* intrin_cpp.hpp */; };
		6A31FA8F1CF83E4C00D1898B /* intrin_neon.hpp in Headers */ = {isa = PBXBuildFile; fileRef = 6A31FA8A1CF83E4C00D1898B /* intrin_neon.hpp */; };
		6A31FA901CF83E4C00D1898B /* intrin_sse.hpp in Headers */ = {isa = PBXBuildFile; fileRef = 6A31FA8B1CF83E4C00D1898B /* intrin_sse.hpp */; };
		6A31FA911CF83E4C00D1898B /* intrin.hpp in Headers */ = {isa = PBXBuildFile; fileRef = 6A31FA8C1CF83E4C00D1898B /* intrin.hpp */; };
/* End PBXBuildFile section */

/* Begin PBXFileReference section */
		6A18ACF11CF8378300A40EAF /* libopencv_hal.a */ = {isa = PBXFileReference; explicitFileType = archive.ar; includeInIndex = 0; path = libopencv_hal.a; sourceTree = BUILT_PRODUCTS_DIR; };
		6A31FA3D1CF83BC500D1898B /* mathfuncs.cpp */ = {isa = PBXFileReference; fileEncoding = 4; lastKnownFileType = sourcecode.cpp.cpp; name = mathfuncs.cpp; path = ../../src/hal/src/mathfuncs.cpp; sourceTree = "<group>"; };
		6A31FA3F1CF83BEB00D1898B /* matrix.cpp */ = {isa = PBXFileReference; fileEncoding = 4; lastKnownFileType = sourcecode.cpp.cpp; name = matrix.cpp; path = ../../src/hal/src/matrix.cpp; sourceTree = "<group>"; };
		6A31FA401CF83BEB00D1898B /* precomp.hpp */ = {isa = PBXFileReference; fileEncoding = 4; lastKnownFileType = sourcecode.cpp.h; name = precomp.hpp; path = ../../src/hal/src/precomp.hpp; sourceTree = "<group>"; };
		6A31FA411CF83BEB00D1898B /* stat.cpp */ = {isa = PBXFileReference; fileEncoding = 4; lastKnownFileType = sourcecode.cpp.cpp; name = stat.cpp; path = ../../src/hal/src/stat.cpp; sourceTree = "<group>"; };
		6A31FA881CF83E4C00D1898B /* defs.h */ = {isa = PBXFileReference; fileEncoding = 4; lastKnownFileType = sourcecode.c.h; name = defs.h; path = ../../include/opencv2/hal/defs.h; sourceTree = "<group>"; };
		6A31FA891CF83E4C00D1898B /* intrin_cpp.hpp */ = {isa = PBXFileReference; fileEncoding = 4; lastKnownFileType = sourcecode.cpp.h; name = intrin_cpp.hpp; path = ../../include/opencv2/hal/intrin_cpp.hpp; sourceTree = "<group>"; };
		6A31FA8A1CF83E4C00D1898B /* intrin_neon.hpp */ = {isa = PBXFileReference; fileEncoding = 4; lastKnownFileType = sourcecode.cpp.h; name = intrin_neon.hpp; path = ../../include/opencv2/hal/intrin_neon.hpp; sourceTree = "<group>"; };
		6A31FA8B1CF83E4C00D1898B /* intrin_sse.hpp */ = {isa = PBXFileReference; fileEncoding = 4; lastKnownFileType = sourcecode.cpp.h; name = intrin_sse.hpp; path = ../../include/opencv2/hal/intrin_sse.hpp; sourceTree = "<group>"; };
		6A31FA8C1CF83E4C00D1898B /* intrin.hpp */ = {isa = PBXFileReference; fileEncoding = 4; lastKnownFileType = sourcecode.cpp.h; name = intrin.hpp; path = ../../include/opencv2/hal/intrin.hpp; sourceTree = "<group>"; };
/* End PBXFileReference section */

/* Begin PBXFrameworksBuildPhase section */
		6A18ACEE1CF8378300A40EAF /* Frameworks */ = {
			isa = PBXFrameworksBuildPhase;
			buildActionMask = 2147483647;
			files = (
			);
			runOnlyForDeploymentPostprocessing = 0;
		};
/* End PBXFrameworksBuildPhase section */

/* Begin PBXGroup section */
		6A18ACE81CF8378300A40EAF = {
			isa = PBXGroup;
			children = (
				6A31FA451CF83C0300D1898B /* include */,
				6A31FA3C1CF83B9200D1898B /* source */,
				6A18ACF21CF8378300A40EAF /* Products */,
			);
			sourceTree = "<group>";
		};
		6A18ACF21CF8378300A40EAF /* Products */ = {
			isa = PBXGroup;
			children = (
				6A18ACF11CF8378300A40EAF /* libopencv_hal.a */,
			);
			name = Products;
			sourceTree = "<group>";
		};
		6A31FA3C1CF83B9200D1898B /* source */ = {
			isa = PBXGroup;
			children = (
				6A31FA3F1CF83BEB00D1898B /* matrix.cpp */,
				6A31FA401CF83BEB00D1898B /* precomp.hpp */,
				6A31FA411CF83BEB00D1898B /* stat.cpp */,
				6A31FA3D1CF83BC500D1898B /* mathfuncs.cpp */,
			);
			name = source;
			sourceTree = "<group>";
		};
		6A31FA451CF83C0300D1898B /* include */ = {
			isa = PBXGroup;
			children = (
				6A31FA881CF83E4C00D1898B /* defs.h */,
				6A31FA891CF83E4C00D1898B /* intrin_cpp.hpp */,
				6A31FA8A1CF83E4C00D1898B /* intrin_neon.hpp */,
				6A31FA8B1CF83E4C00D1898B /* intrin_sse.hpp */,
				6A31FA8C1CF83E4C00D1898B /* intrin.hpp */,
			);
			name = include;
			sourceTree = "<group>";
		};
/* End PBXGroup section */

/* Begin PBXHeadersBuildPhase section */
		6A18ACEF1CF8378300A40EAF /* Headers */ = {
			isa = PBXHeadersBuildPhase;
			buildActionMask = 2147483647;
			files = (
				6A31FA8F1CF83E4C00D1898B /* intrin_neon.hpp in Headers */,
				6A31FA8D1CF83E4C00D1898B /* defs.h in Headers */,
				6A31FA911CF83E4C00D1898B /* intrin.hpp in Headers */,
				6A31FA901CF83E4C00D1898B /* intrin_sse.hpp in Headers */,
				6A31FA431CF83BEB00D1898B /* precomp.hpp in Headers */,
				6A31FA8E1CF83E4C00D1898B /* intrin_cpp.hpp in Headers */,
			);
			runOnlyForDeploymentPostprocessing = 0;
		};
/* End PBXHeadersBuildPhase section */

/* Begin PBXNativeTarget section */
		6A18ACF01CF8378300A40EAF /* opencv_hal */ = {
			isa = PBXNativeTarget;
			buildConfigurationList = 6A18ACFC1CF8378300A40EAF /* Build configuration list for PBXNativeTarget "opencv_hal" */;
			buildPhases = (
				6A18ACED1CF8378300A40EAF /* Sources */,
				6A18ACEE1CF8378300A40EAF /* Frameworks */,
				6A18ACEF1CF8378300A40EAF /* Headers */,
			);
			buildRules = (
			);
			dependencies = (
			);
			name = opencv_hal;
			productName = opencv_hal;
			productReference = 6A18ACF11CF8378300A40EAF /* libopencv_hal.a */;
			productType = "com.apple.product-type.library.static";
		};
/* End PBXNativeTarget section */

/* Begin PBXProject section */
		6A18ACE91CF8378300A40EAF /* Project object */ = {
			isa = PBXProject;
			attributes = {
				LastUpgradeCheck = 0720;
				ORGANIZATIONNAME = it;
				TargetAttributes = {
					6A18ACF01CF8378300A40EAF = {
						CreatedOnToolsVersion = 7.2.1;
					};
				};
			};
			buildConfigurationList = 6A18ACEC1CF8378300A40EAF /* Build configuration list for PBXProject "opencv_hal" */;
			compatibilityVersion = "Xcode 3.2";
			developmentRegion = English;
			hasScannedForEncodings = 0;
			knownRegions = (
				en,
			);
			mainGroup = 6A18ACE81CF8378300A40EAF;
			productRefGroup = 6A18ACF21CF8378300A40EAF /* Products */;
			projectDirPath = "";
			projectRoot = "";
			targets = (
				6A18ACF01CF8378300A40EAF /* opencv_hal */,
			);
		};
/* End PBXProject section */

/* Begin PBXSourcesBuildPhase section */
		6A18ACED1CF8378300A40EAF /* Sources */ = {
			isa = PBXSourcesBuildPhase;
			buildActionMask = 2147483647;
			files = (
				6A31FA421CF83BEB00D1898B /* matrix.cpp in Sources */,
				6A31FA3E1CF83BC500D1898B /* mathfuncs.cpp in Sources */,
				6A31FA441CF83BEB00D1898B /* stat.cpp in Sources */,
			);
			runOnlyForDeploymentPostprocessing = 0;
		};
/* End PBXSourcesBuildPhase section */

/* Begin XCBuildConfiguration section */
		6A18ACFA1CF8378300A40EAF /* Debug */ = {
			isa = XCBuildConfiguration;
			buildSettings = {
				ALWAYS_SEARCH_USER_PATHS = NO;
				CLANG_CXX_LANGUAGE_STANDARD = "gnu++0x";
				CLANG_CXX_LIBRARY = "libc++";
				CLANG_ENABLE_MODULES = YES;
				CLANG_ENABLE_OBJC_ARC = YES;
				CLANG_WARN_BOOL_CONVERSION = YES;
				CLANG_WARN_CONSTANT_CONVERSION = YES;
				CLANG_WARN_DIRECT_OBJC_ISA_USAGE = YES_ERROR;
				CLANG_WARN_EMPTY_BODY = YES;
				CLANG_WARN_ENUM_CONVERSION = YES;
				CLANG_WARN_INT_CONVERSION = YES;
				CLANG_WARN_OBJC_ROOT_CLASS = YES_ERROR;
				CLANG_WARN_UNREACHABLE_CODE = YES;
				CLANG_WARN__DUPLICATE_METHOD_MATCH = YES;
				CODE_SIGN_IDENTITY = "-";
				COPY_PHASE_STRIP = NO;
				DEBUG_INFORMATION_FORMAT = dwarf;
				ENABLE_STRICT_OBJC_MSGSEND = YES;
				ENABLE_TESTABILITY = YES;
				GCC_C_LANGUAGE_STANDARD = gnu99;
				GCC_DYNAMIC_NO_PIC = NO;
				GCC_NO_COMMON_BLOCKS = YES;
				GCC_OPTIMIZATION_LEVEL = 0;
				GCC_PREPROCESSOR_DEFINITIONS = (
					"DEBUG=1",
					"$(inherited)",
				);
				GCC_WARN_64_TO_32_BIT_CONVERSION = YES;
				GCC_WARN_ABOUT_RETURN_TYPE = YES_ERROR;
				GCC_WARN_UNDECLARED_SELECTOR = YES;
				GCC_WARN_UNINITIALIZED_AUTOS = YES_AGGRESSIVE;
				GCC_WARN_UNUSED_FUNCTION = YES;
				GCC_WARN_UNUSED_VARIABLE = YES;
				MACOSX_DEPLOYMENT_TARGET = 10.10;
				MTL_ENABLE_DEBUG_INFO = YES;
				ONLY_ACTIVE_ARCH = YES;
				SDKROOT = macosx;
			};
			name = Debug;
		};
		6A18ACFB1CF8378300A40EAF /* Release */ = {
			isa = XCBuildConfiguration;
			buildSettings = {
				ALWAYS_SEARCH_USER_PATHS = NO;
				CLANG_CXX_LANGUAGE_STANDARD = "gnu++0x";
				CLANG_CXX_LIBRARY = "libc++";
				CLANG_ENABLE_MODULES = YES;
				CLANG_ENABLE_OBJC_ARC = YES;
				CLANG_WARN_BOOL_CONVERSION = YES;
				CLANG_WARN_CONSTANT_CONVERSION = YES;
				CLANG_WARN_DIRECT_OBJC_ISA_USAGE = YES_ERROR;
				CLANG_WARN_EMPTY_BODY = YES;
				CLANG_WARN_ENUM_CONVERSION = YES;
				CLANG_WARN_INT_CONVERSION = YES;
				CLANG_WARN_OBJC_ROOT_CLASS = YES_ERROR;
				CLANG_WARN_UNREACHABLE_CODE = YES;
				CLANG_WARN__DUPLICATE_METHOD_MATCH = YES;
				CODE_SIGN_IDENTITY = "-";
				COPY_PHASE_STRIP = NO;
				DEBUG_INFORMATION_FORMAT = "dwarf-with-dsym";
				ENABLE_NS_ASSERTIONS = NO;
				ENABLE_STRICT_OBJC_MSGSEND = YES;
				GCC_C_LANGUAGE_STANDARD = gnu99;
				GCC_NO_COMMON_BLOCKS = YES;
				GCC_WARN_64_TO_32_BIT_CONVERSION = YES;
				GCC_WARN_ABOUT_RETURN_TYPE = YES_ERROR;
				GCC_WARN_UNDECLARED_SELECTOR = YES;
				GCC_WARN_UNINITIALIZED_AUTOS = YES_AGGRESSIVE;
				GCC_WARN_UNUSED_FUNCTION = YES;
				GCC_WARN_UNUSED_VARIABLE = YES;
				MACOSX_DEPLOYMENT_TARGET = 10.10;
				MTL_ENABLE_DEBUG_INFO = NO;
				SDKROOT = macosx;
			};
			name = Release;
		};
		6A18ACFD1CF8378300A40EAF /* Debug */ = {
			isa = XCBuildConfiguration;
			buildSettings = {
				EXECUTABLE_PREFIX = lib;
				GCC_ENABLE_CPP_EXCEPTIONS = YES;
				GCC_ENABLE_CPP_RTTI = YES;
				HEADER_SEARCH_PATHS = ../../include;
				PRODUCT_NAME = "$(TARGET_NAME)";
			};
			name = Debug;
		};
		6A18ACFE1CF8378300A40EAF /* Release */ = {
			isa = XCBuildConfiguration;
			buildSettings = {
				EXECUTABLE_PREFIX = lib;
				GCC_ENABLE_CPP_EXCEPTIONS = YES;
				GCC_ENABLE_CPP_RTTI = YES;
				HEADER_SEARCH_PATHS = ../../include;
				PRODUCT_NAME = "$(TARGET_NAME)";
			};
			name = Release;
		};
/* End XCBuildConfiguration section */

/* Begin XCConfigurationList section */
		6A18ACEC1CF8378300A40EAF /* Build configuration list for PBXProject "opencv_hal" */ = {
			isa = XCConfigurationList;
			buildConfigurations = (
				6A18ACFA1CF8378300A40EAF /* Debug */,
				6A18ACFB1CF8378300A40EAF /* Release */,
			);
			defaultConfigurationIsVisible = 0;
			defaultConfigurationName = Release;
		};
		6A18ACFC1CF8378300A40EAF /* Build configuration list for PBXNativeTarget "opencv_hal" */ = {
			isa = XCConfigurationList;
			buildConfigurations = (
				6A18ACFD1CF8378300A40EAF /* Debug */,
				6A18ACFE1CF8378300A40EAF /* Release */,
			);
			defaultConfigurationIsVisible = 0;
			defaultConfigurationName = Release;
		};
/* End XCConfigurationList section */
	};
	rootObject = 6A18ACE91CF8378300A40EAF /* Project object */;
}
